{
  "name": "membrane-microservices",
  "version": "0.0.1",
  "lockfileVersion": 2,
  "requires": true,
  "packages": {
    "": {
      "name": "membrane-microservices",
      "version": "0.0.1",
      "license": "ISC",
      "dependencies": {
        "cache-manager": "^4.1.0"
      },
      "devDependencies": {
        "@types/cache-manager": "^4.0.2"
      }
    },
    "node_modules/@types/cache-manager": {
      "version": "4.0.2",
      "resolved": "https://registry.npmjs.org/@types/cache-manager/-/cache-manager-4.0.2.tgz",
      "integrity": "sha512-fT5FMdzsiSX0AbgnS5gDvHl2Nco0h5zYyjwDQy4yPC7Ww6DeGMVKPRqIZtg9HOXDV2kkc18SL1B0N8f0BecrCA==",
      "dev": true
    },
    "node_modules/async": {
      "version": "3.2.3",
      "resolved": "https://registry.npmjs.org/async/-/async-3.2.3.tgz",
      "integrity": "sha512-spZRyzKL5l5BZQrr/6m/SqFdBN0q3OCI0f9rjfBzCMBIP4p75P620rR3gTmaksNOhmzgdxcaxdNfMy6anrbM0g=="
    },
    "node_modules/cache-manager": {
      "version": "4.1.0",
      "resolved": "https://registry.npmjs.org/cache-manager/-/cache-manager-4.1.0.tgz",
      "integrity": "sha512-ZGM6dLxrP65bfOZmcviWMadUOCICqpLs92+P/S5tj8onz+k+tB7Gr+SAgOUHCQtfm2gYEQDHiKeul4+tYPOJ8A==",
      "dependencies": {
        "async": "3.2.3",
        "lodash.clonedeep": "^4.5.0",
        "lru-cache": "^7.10.1"
      }
    },
    "node_modules/lodash.clonedeep": {
      "version": "4.5.0",
      "resolved": "https://registry.npmjs.org/lodash.clonedeep/-/lodash.clonedeep-4.5.0.tgz",
      "integrity": "sha512-H5ZhCF25riFd9uB5UCkVKo61m3S/xZk1x4wA6yp/L3RFP6Z/eHH1ymQcGLo7J3GMPfm0V/7m1tryHuGVxpqEBQ=="
    },
    "node_modules/lru-cache": {
      "version": "7.14.0",
      "resolved": "https://registry.npmjs.org/lru-cache/-/lru-cache-7.14.0.tgz",
      "integrity": "sha512-EIRtP1GrSJny0dqb50QXRUNBxHJhcpxHC++M5tD7RYbvLLn5KVWKsbyswSSqDuU15UFi3bgTQIY8nhDMeF6aDQ==",
      "engines": {
        "node": ">=12"
      }
    }
  },
  "dependencies": {
    "@types/cache-manager": {
      "version": "4.0.2",
      "resolved": "https://registry.npmjs.org/@types/cache-manager/-/cache-manager-4.0.2.tgz",
      "integrity": "sha512-fT5FMdzsiSX0AbgnS5gDvHl2Nco0h5zYyjwDQy4yPC7Ww6DeGMVKPRqIZtg9HOXDV2kkc18SL1B0N8f0BecrCA==",
      "dev": true
    },
    "async": {
      "version": "3.2.3",
      "resolved": "https://registry.npmjs.org/async/-/async-3.2.3.tgz",
      "integrity": "sha512-spZRyzKL5l5BZQrr/6m/SqFdBN0q3OCI0f9rjfBzCMBIP4p75P620rR3gTmaksNOhmzgdxcaxdNfMy6anrbM0g=="
    },
    "cache-manager": {
      "version": "4.1.0",
      "resolved": "https://registry.npmjs.org/cache-manager/-/cache-manager-4.1.0.tgz",
      "integrity": "sha512-ZGM6dLxrP65bfOZmcviWMadUOCICqpLs92+P/S5tj8onz+k+tB7Gr+SAgOUHCQtfm2gYEQDHiKeul4+tYPOJ8A==",
      "requires": {
        "async": "3.2.3",
        "lodash.clonedeep": "^4.5.0",
        "lru-cache": "^7.10.1"
      }
    },
    "lodash.clonedeep": {
      "version": "4.5.0",
      "resolved": "https://registry.npmjs.org/lodash.clonedeep/-/lodash.clonedeep-4.5.0.tgz",
      "integrity": "sha512-H5ZhCF25riFd9uB5UCkVKo61m3S/xZk1x4wA6yp/L3RFP6Z/eHH1ymQcGLo7J3GMPfm0V/7m1tryHuGVxpqEBQ=="
    },
    "lru-cache": {
      "version": "7.14.0",
      "resolved": "https://registry.npmjs.org/lru-cache/-/lru-cache-7.14.0.tgz",
      "integrity": "sha512-EIRtP1GrSJny0dqb50QXRUNBxHJhcpxHC++M5tD7RYbvLLn5KVWKsbyswSSqDuU15UFi3bgTQIY8nhDMeF6aDQ=="
    }
  }
}
